// !$*UTF8*$!
{
	archiveVersion = 1;
	classes = {
	};
	objectVersion = 46;
	objects = {

/* Begin PBXBuildFile section */
		762816061D3B1051000019FA /* AppDelegate.swift in Sources */ = {isa = PBXBuildFile; fileRef = 762816051D3B1051000019FA /* AppDelegate.swift */; };
		762816081D3B1051000019FA /* ViewController.swift in Sources */ = {isa = PBXBuildFile; fileRef = 762816071D3B1051000019FA /* ViewController.swift */; };
		7628160B1D3B1051000019FA /* Main.storyboard in Resources */ = {isa = PBXBuildFile; fileRef = 762816091D3B1051000019FA /* Main.storyboard */; };
		7628160D1D3B1051000019FA /* Assets.xcassets in Resources */ = {isa = PBXBuildFile; fileRef = 7628160C1D3B1051000019FA /* Assets.xcassets */; };
		762816101D3B1051000019FA /* LaunchScreen.storyboard in Resources */ = {isa = PBXBuildFile; fileRef = 7628160E1D3B1051000019FA /* LaunchScreen.storyboard */; };
/* End PBXBuildFile section */

/* Begin PBXFileReference section */
		762816021D3B1051000019FA /* PicDrizzle.app */ = {isa = PBXFileReference; explicitFileType = wrapper.application; includeInIndex = 0; path = PicDrizzle.app; sourceTree = BUILT_PRODUCTS_DIR; };
		762816051D3B1051000019FA /* AppDelegate.swift */ = {isa = PBXFileReference; lastKnownFileType = sourcecode.swift; path = AppDelegate.swift; sourceTree = "<group>"; };
		762816071D3B1051000019FA /* ViewController.swift */ = {isa = PBXFileReference; lastKnownFileType = sourcecode.swift; path = ViewController.swift; sourceTree = "<group>"; };
		7628160A1D3B1051000019FA /* Base */ = {isa = PBXFileReference; lastKnownFileType = file.storyboard; name = Base; path = Base.lproj/Main.storyboard; sourceTree = "<group>"; };
		7628160C1D3B1051000019FA /* Assets.xcassets */ = {isa = PBXFileReference; lastKnownFileType = folder.assetcatalog; path = Assets.xcassets; sourceTree = "<group>"; };
		7628160F1D3B1051000019FA /* Base */ = {isa = PBXFileReference; lastKnownFileType = file.storyboard; name = Base; path = Base.lproj/LaunchScreen.storyboard; sourceTree = "<group>"; };
		762816111D3B1051000019FA /* Info.plist */ = {isa = PBXFileReference; lastKnownFileType = text.plist.xml; path = Info.plist; sourceTree = "<group>"; };
/* End PBXFileReference section */

/* Begin PBXFrameworksBuildPhase section */
		762815FF1D3B1051000019FA /* Frameworks */ = {
			isa = PBXFrameworksBuildPhase;
			buildActionMask = 2147483647;
			files = (
			);
			runOnlyForDeploymentPostprocessing = 0;
		};
/* End PBXFrameworksBuildPhase section */

/* Begin PBXGroup section */
		762815F91D3B1051000019FA = {
			isa = PBXGroup;
			children = (
				762816041D3B1051000019FA /* PicDrizzle */,
				762816031D3B1051000019FA /* Products */,
			);
			sourceTree = "<group>";
		};
		762816031D3B1051000019FA /* Products */ = {
			isa = PBXGroup;
			children = (
				762816021D3B1051000019FA /* PicDrizzle.app */,
			);
			name = Products;
			sourceTree = "<group>";
		};
		762816041D3B1051000019FA /* PicDrizzle */ = {
			isa = PBXGroup;
			children = (
				762816051D3B1051000019FA /* AppDelegate.swift */,
				762816071D3B1051000019FA /* ViewController.swift */,
				762816091D3B1051000019FA /* Main.storyboard */,
				7628160C1D3B1051000019FA /* Assets.xcassets */,
				7628160E1D3B1051000019FA /* LaunchScreen.storyboard */,
				762816111D3B1051000019FA /* Info.plist */,
			);
			path = PicDrizzle;
			sourceTree = "<group>";
		};
/* End PBXGroup section */

/* Begin PBXNativeTarget section */
		762816011D3B1051000019FA /* PicDrizzle */ = {
			isa = PBXNativeTarget;
			buildConfigurationList = 762816141D3B1051000019FA /* Build configuration list for PBXNativeTarget "PicDrizzle" */;
			buildPhases = (
				762815FE1D3B1051000019FA /* Sources */,
				762815FF1D3B1051000019FA /* Frameworks */,
				762816001D3B1051000019FA /* Resources */,
			);
			buildRules = (
			);
			dependencies = (
			);
			name = PicDrizzle;
			productName = PicDrizzle;
			productReference = 762816021D3B1051000019FA /* PicDrizzle.app */;
			productType = "com.apple.product-type.application";
		};
/* End PBXNativeTarget section */

/* Begin PBXProject section */
		762815FA1D3B1051000019FA /* Project object */ = {
			isa = PBXProject;
			attributes = {
				LastSwiftUpdateCheck = 0730;
				LastUpgradeCheck = 0730;
				ORGANIZATIONNAME = "胡胡赛军";
				TargetAttributes = {
					762816011D3B1051000019FA = {
						CreatedOnToolsVersion = 7.3.1;
					};
				};
			};
			buildConfigurationList = 762815FD1D3B1051000019FA /* Build configuration list for PBXProject "PicDrizzle" */;
			compatibilityVersion = "Xcode 3.2";
			developmentRegion = English;
			hasScannedForEncodings = 0;
			knownRegions = (
				en,
				Base,
			);
			mainGroup = 762815F91D3B1051000019FA;
			productRefGroup = 762816031D3B1051000019FA /* Products */;
			projectDirPath = "";
			projectRoot = "";
			targets = (
				762816011D3B1051000019FA /* PicDrizzle */,
			);
		};
/* End PBXProject section */

/* Begin PBXResourcesBuildPhase section */
		762816001D3B1051000019FA /* Resources */ = {
			isa = PBXResourcesBuildPhase;
			buildActionMask = 2147483647;
			files = (
				762816101D3B1051000019FA /* LaunchScreen.storyboard in Resources */,
				7628160D1D3B1051000019FA /* Assets.xcassets in Resources */,
				7628160B1D3B1051000019FA /* Main.storyboard in Resources */,
			);
			runOnlyForDeploymentPostprocessing = 0;
		};
/* End PBXResourcesBuildPhase section */

/* Begin PBXSourcesBuildPhase section */
		762815FE1D3B1051000019FA /* Sources */ = {
			isa = PBXSourcesBuildPhase;
			buildActionMask = 2147483647;
			files = (
				762816081D3B1051000019FA /* ViewController.swift in Sources */,
				762816061D3B1051000019FA /* AppDelegate.swift in Sources */,
			);
			runOnlyForDeploymentPostprocessing = 0;
		};
/* End PBXSourcesBuildPhase section */

/* Begin PBXVariantGroup section */
		762816091D3B1051000019FA /* Main.storyboard */ = {
			isa = PBXVariantGroup;
			children = (
				7628160A1D3B1051000019FA /* Base */,
			);
			name = Main.storyboard;
			sourceTree = "<group>";
		};
		7628160E1D3B1051000019FA /* LaunchScreen.storyboard */ = {
			isa = PBXVariantGroup;
			children = (
				7628160F1D3B1051000019FA /* Base */,
			);
			name = LaunchScreen.storyboard;
			sourceTree = "<group>";
		};
/* End PBXVariantGroup section */

/* Begin XCBuildConfiguration section */
		762816121D3B1051000019FA /* Debug */ = {
			isa = XCBuildConfiguration;
			buildSettings = {
				ALWAYS_SEARCH_USER_PATHS = NO;
				CLANG_ANALYZER_NONNULL = YES;
				CLANG_CXX_LANGUAGE_STANDARD = "gnu++0x";
				CLANG_CXX_LIBRARY = "libc++";
				CLANG_ENABLE_MODULES = YES;
				CLANG_ENABLE_OBJC_ARC = YES;
				CLANG_WARN_BOOL_CONVERSION = YES;
				CLANG_WARN_CONSTANT_CONVERSION = YES;
				CLANG_WARN_DIRECT_OBJC_ISA_USAGE = YES_ERROR;
				CLANG_WARN_EMPTY_BODY = YES;
				CLANG_WARN_ENUM_CONVERSION = YES;
				CLANG_WARN_INT_CONVERSION = YES;
				CLANG_WARN_OBJC_ROOT_CLASS = YES_ERROR;
				CLANG_WARN_UNREACHABLE_CODE = YES;
				CLANG_WARN__DUPLICATE_METHOD_MATCH = YES;
				"CODE_SIGN_IDENTITY[sdk=iphoneos*]" = "iPhone Developer";
				COPY_PHASE_STRIP = NO;
				DEBUG_INFORMATION_FORMAT = dwarf;
				ENABLE_STRICT_OBJC_MSGSEND = YES;
				ENABLE_TESTABILITY = YES;
				GCC_C_LANGUAGE_STANDARD = gnu99;
				GCC_DYNAMIC_NO_PIC = NO;
				GCC_NO_COMMON_BLOCKS = YES;
				GCC_OPTIMIZATION_LEVEL = 0;
				GCC_PREPROCESSOR_DEFINITIONS = (
					"DEBUG=1",
					"$(inherited)",
				);
				GCC_WARN_64_TO_32_BIT_CONVERSION = YES;
				GCC_WARN_ABOUT_RETURN_TYPE = YES_ERROR;
				GCC_WARN_UNDECLARED_SELECTOR = YES;
				GCC_WARN_UNINITIALIZED_AUTOS = YES_AGGRESSIVE;
				GCC_WARN_UNUSED_FUNCTION = YES;
				GCC_WARN_UNUSED_VARIABLE = YES;
				IPHONEOS_DEPLOYMENT_TARGET = 9.3;
				MTL_ENABLE_DEBUG_INFO = YES;
				ONLY_ACTIVE_ARCH = YES;
				SDKROOT = iphoneos;
				SWIFT_OPTIMIZATION_LEVEL = "-Onone";
			};
			name = Debug;
		};
		762816131D3B1051000019FA /* Release */ = {
			isa = XCBuildConfiguration;
			buildSettings = {
				ALWAYS_SEARCH_USER_PATHS = NO;
				CLANG_ANALYZER_NONNULL = YES;
				CLANG_CXX_LANGUAGE_STANDARD = "gnu++0x";
				CLANG_CXX_LIBRARY = "libc++";
				CLANG_ENABLE_MODULES = YES;
				CLANG_ENABLE_OBJC_ARC = YES;
				CLANG_WARN_BOOL_CONVERSION = YES;
				CLANG_WARN_CONSTANT_CONVERSION = YES;
				CLANG_WARN_DIRECT_OBJC_ISA_USAGE = YES_ERROR;
				CLANG_WARN_EMPTY_BODY = YES;
				CLANG_WARN_ENUM_CONVERSION = YES;
				CLANG_WARN_INT_CONVERSION = YES;
				CLANG_WARN_OBJC_ROOT_CLASS = YES_ERROR;
				CLANG_WARN_UNREACHABLE_CODE = YES;
				CLANG_WARN__DUPLICATE_METHOD_MATCH = YES;
				"CODE_SIGN_IDENTITY[sdk=iphoneos*]" = "iPhone Developer";
				COPY_PHASE_STRIP = NO;
				DEBUG_INFORMATION_FORMAT = "dwarf-with-dsym";
				ENABLE_NS_ASSERTIONS = NO;
				ENABLE_STRICT_OBJC_MSGSEND = YES;
				GCC_C_LANGUAGE_STANDARD = gnu99;
				GCC_NO_COMMON_BLOCKS = YES;
				GCC_WARN_64_TO_32_BIT_CONVERSION = YES;
				GCC_WARN_ABOUT_RETURN_TYPE = YES_ERROR;
				GCC_WARN_UNDECLARED_SELECTOR = YES;
				GCC_WARN_UNINITIALIZED_AUTOS = YES_AGGRESSIVE;
				GCC_WARN_UNUSED_FUNCTION = YES;
				GCC_WARN_UNUSED_VARIABLE = YES;
				IPHONEOS_DEPLOYMENT_TARGET = 9.3;
				MTL_ENABLE_DEBUG_INFO = NO;
				SDKROOT = iphoneos;
				VALIDATE_PRODUCT = YES;
			};
			name = Release;
		};
		762816151D3B1051000019FA /* Debug */ = {
			isa = XCBuildConfiguration;
			buildSettings = {
				ASSETCATALOG_COMPILER_APPICON_NAME = AppIcon;
				INFOPLIST_FILE = PicDrizzle/Info.plist;
				LD_RUNPATH_SEARCH_PATHS = "$(inherited) @executable_path/Frameworks";
				PRODUCT_BUNDLE_IDENTIFIER = com.sniper.PicDrizzle;
				PRODUCT_NAME = "$(TARGET_NAME)";
			};
			name = Debug;
		};
		762816161D3B1051000019FA /* Release */ = {
			isa = XCBuildConfiguration;
			buildSettings = {
				ASSETCATALOG_COMPILER_APPICON_NAME = AppIcon;
				INFOPLIST_FILE = PicDrizzle/Info.plist;
				LD_RUNPATH_SEARCH_PATHS = "$(inherited) @executable_path/Frameworks";
				PRODUCT_BUNDLE_IDENTIFIER = com.sniper.PicDrizzle;
				PRODUCT_NAME = "$(TARGET_NAME)";
			};
			name = Release;
		};
/* End XCBuildConfiguration section */

/* Begin XCConfigurationList section */
		762815FD1D3B1051000019FA /* Build configuration list for PBXProject "PicDrizzle" */ = {
			isa = XCConfigurationList;
			buildConfigurations = (
				762816121D3B1051000019FA /* Debug */,
				762816131D3B1051000019FA /* Release */,
			);
			defaultConfigurationIsVisible = 0;
			defaultConfigurationName = Release;
		};
		762816141D3B1051000019FA /* Build configuration list for PBXNativeTarget "PicDrizzle" */ = {
			isa = XCConfigurationList;
			buildConfigurations = (
				762816151D3B1051000019FA /* Debug */,
				762816161D3B1051000019FA /* Release */,
			);
			defaultConfigurationIsVisible = 0;
		};
/* End XCConfigurationList section */
	};
	rootObject = 762815FA1D3B1051000019FA /* Project object */;
}
